<?xml version="1.0" encoding="utf-8"?>
<Project ToolsVersion="4.0" xmlns="http://schemas.microsoft.com/developer/msbuild/2003">
  <ItemGroup>
    <Filter Include="Core">
      <UniqueIdentifier>{2EB4837C-1AEB-840D-C3D7-6A10AFED000F}</UniqueIdentifier>
    </Filter>
    <Filter Include="Core\Base">
      <UniqueIdentifier>{78DDB915-E447-6E8C-2D86-1F32992F4CE1}</UniqueIdentifier>
    </Filter>
    <Filter Include="Core\Events">
      <UniqueIdentifier>{52201B74-BED5-9369-47CA-8D40B37E8A6D}</UniqueIdentifier>
    </Filter>
    <Filter Include="Core\Layers">
      <UniqueIdentifier>{2D0BFE82-99C0-7678-22B5-704F8E696D7C}</UniqueIdentifier>
    </Filter>
    <Filter Include="Core\Layers\Layer">
      <UniqueIdentifier>{B9F54F05-250C-4E9B-6E83-D9BCDAD81E23}</UniqueIdentifier>
    </Filter>
    <Filter Include="Core\Layers\Layer\include">
      <UniqueIdentifier>{2CC6EF24-9888-23AF-E138-B23B4D3AFC8C}</UniqueIdentifier>
    </Filter>
    <Filter Include="Core\Layers\Layer\src">
      <UniqueIdentifier>{50E87173-BC54-2D6E-8548-C5CBF1734FD6}</UniqueIdentifier>
    </Filter>
    <Filter Include="Core\Layers\LayerStack">
      <UniqueIdentifier>{EFA83AE4-DBA2-6336-C40F-FA46B0A8C9A2}</UniqueIdentifier>
    </Filter>
    <Filter Include="Core\Layers\LayerStack\include">
      <UniqueIdentifier>{624F1DE3-4E75-E749-37BB-6C1523800C16}</UniqueIdentifier>
    </Filter>
    <Filter Include="Core\Layers\LayerStack\src">
      <UniqueIdentifier>{86464F62-7256-FB32-DB0F-6051C73EEACB}</UniqueIdentifier>
    </Filter>
    <Filter Include="Core\Log">
      <UniqueIdentifier>{FF3299C2-EBFF-F3CD-1419-E2750045295C}</UniqueIdentifier>
    </Filter>
    <Filter Include="Core\Log\include">
      <UniqueIdentifier>{72E92C9C-5EE2-4BEE-8714-3173736C2BFA}</UniqueIdentifier>
    </Filter>
    <Filter Include="Core\Log\src">
      <UniqueIdentifier>{96580402-82BB-93A6-2B41-CC5C17835F29}</UniqueIdentifier>
    </Filter>
    <Filter Include="Core\Utils">
      <UniqueIdentifier>{0EA057CE-FA57-991B-635F-72774F36340C}</UniqueIdentifier>
    </Filter>
    <Filter Include="HAL">
      <UniqueIdentifier>{DAED870B-46F7-877C-CF72-9E7C3B7B937C}</UniqueIdentifier>
    </Filter>
    <Filter Include="HAL\Common">
      <UniqueIdentifier>{D2A11BD6-BE59-5D23-2761-367F1338F813}</UniqueIdentifier>
    </Filter>
    <Filter Include="HAL\Common\Core">
      <UniqueIdentifier>{6AB9DC5A-D644-4A1F-DF55-CD134B60A61F}</UniqueIdentifier>
    </Filter>
    <Filter Include="HAL\Common\Core\Window">
      <UniqueIdentifier>{11CB0066-FDC4-29B8-E631-C0C8D2CA8F24}</UniqueIdentifier>
    </Filter>
    <Filter Include="HAL\Common\Core\Window\include">
      <UniqueIdentifier>{84736CCA-7099-3631-59DF-BBFC45A45BFD}</UniqueIdentifier>
    </Filter>
    <Filter Include="HAL\Common\Core\Window\src">
      <UniqueIdentifier>{A8A9BDC0-94B9-6991-FD72-CEAFE9A1582A}</UniqueIdentifier>
    </Filter>
    <Filter Include="HAL\Windows">
      <UniqueIdentifier>{14D22A8F-8087-A384-097C-9D5B75309A88}</UniqueIdentifier>
    </Filter>
    <Filter Include="HAL\Windows\Core">
      <UniqueIdentifier>{EC62DEA6-D85B-FDF8-018E-E27DEDE5DC04}</UniqueIdentifier>
    </Filter>
    <Filter Include="HAL\Windows\Core\Application">
      <UniqueIdentifier>{AF60DB31-9B1B-CBDD-44D3-4328306D156E}</UniqueIdentifier>
    </Filter>
    <Filter Include="HAL\Windows\Core\Application\include">
      <UniqueIdentifier>{22C7D922-0EAE-9B1A-B7FE-0138A3C41481}</UniqueIdentifier>
    </Filter>
    <Filter Include="HAL\Windows\Core\Application\src">
      <UniqueIdentifier>{46DE057D-322F-F1BE-5B93-DF8047438428}</UniqueIdentifier>
    </Filter>
    <Filter Include="HAL\Windows\Core\Graphics">
      <UniqueIdentifier>{AC34DE20-18F7-11AB-61A7-A037CDA8EA88}</UniqueIdentifier>
    </Filter>
    <Filter Include="HAL\Windows\Core\Graphics\include">
      <UniqueIdentifier>{1F48FBA3-8BB6-5023-D49F-0B23404D46BF}</UniqueIdentifier>
    </Filter>
    <Filter Include="HAL\Windows\Core\Window">
      <UniqueIdentifier>{536ED875-BFA5-200D-C8AF-843034664706}</UniqueIdentifier>
    </Filter>
    <Filter Include="HAL\Windows\Core\Window\include">
      <UniqueIdentifier>{C6384C05-321C-5B45-3B1F-8981A7812196}</UniqueIdentifier>
    </Filter>
    <Filter Include="HAL\Windows\Core\Window\src">
      <UniqueIdentifier>{EA1D596E-562B-8754-DF11-833F4B1E530B}</UniqueIdentifier>
    </Filter>
  </ItemGroup>
  <ItemGroup>
    <ClInclude Include="Core\Base\Base.h">
      <Filter>Core\Base</Filter>
    </ClInclude>
    <ClInclude Include="Core\Core.h">
      <Filter>Core</Filter>
    </ClInclude>
    <ClInclude Include="Core\Events\Event.h">
      <Filter>Core\Events</Filter>
    </ClInclude>
    <ClInclude Include="Core\Events\EventDispatcher.h">
      <Filter>Core\Events</Filter>
    </ClInclude>
    <ClInclude Include="Core\Events\KeyEvent.h">
      <Filter>Core\Events</Filter>
    </ClInclude>
    <ClInclude Include="Core\Events\MouseEvent.h">
      <Filter>Core\Events</Filter>
    </ClInclude>
    <ClInclude Include="Core\Events\WindowEvent.h">
      <Filter>Core\Events</Filter>
    </ClInclude>
    <ClInclude Include="Core\Layers\Layer\include\Layer.h">
      <Filter>Core\Layers\Layer\include</Filter>
    </ClInclude>
    <ClInclude Include="Core\Layers\LayerStack\include\LayerStack.h">
      <Filter>Core\Layers\LayerStack\include</Filter>
    </ClInclude>
    <ClInclude Include="Core\Log\include\Log.h">
      <Filter>Core\Log\include</Filter>
    </ClInclude>
    <ClInclude Include="Core\Utils\KeyCode.h">
      <Filter>Core\Utils</Filter>
    </ClInclude>
    <ClInclude Include="Core\Utils\MouseCode.h">
      <Filter>Core\Utils</Filter>
    </ClInclude>
    <ClInclude Include="HAL\Common\Core\Window\include\Window.h">
      <Filter>HAL\Common\Core\Window\include</Filter>
    </ClInclude>
    <ClInclude Include="HAL\HAL.h">
      <Filter>HAL</Filter>
    </ClInclude>
    <ClInclude Include="HAL\PlatformDetection.h">
      <Filter>HAL</Filter>
    </ClInclude>
    <ClInclude Include="HAL\Windows\Core\Application\include\Application.h">
      <Filter>HAL\Windows\Core\Application\include</Filter>
    </ClInclude>
    <ClInclude Include="HAL\Windows\Core\Graphics\include\Test.h">
      <Filter>HAL\Windows\Core\Graphics\include</Filter>
    </ClInclude>
    <ClInclude Include="HAL\Windows\Core\Window\include\Window.h">
      <Filter>HAL\Windows\Core\Window\include</Filter>
    </ClInclude>
    <ClInclude Include="HAL\Windows\Windows.h">
      <Filter>HAL\Windows</Filter>
    </ClInclude>
    <ClInclude Include="Phoenix.h" />
  </ItemGroup>
  <ItemGroup>
    <ClCompile Include="Core\Layers\Layer\src\Layer.cpp">
      <Filter>Core\Layers\Layer\src</Filter>
    </ClCompile>
    <ClCompile Include="Core\Layers\LayerStack\src\LayerStack.cpp">
      <Filter>Core\Layers\LayerStack\src</Filter>
    </ClCompile>
    <ClCompile Include="Core\Log\src\Log.cpp">
      <Filter>Core\Log\src</Filter>
    </ClCompile>
    <ClCompile Include="HAL\Common\Core\Window\src\Window.cpp">
      <Filter>HAL\Common\Core\Window\src</Filter>
    </ClCompile>
    <ClCompile Include="HAL\Windows\Core\Application\src\Application.cpp">
      <Filter>HAL\Windows\Core\Application\src</Filter>
    </ClCompile>
    <ClCompile Include="HAL\Windows\Core\Window\src\Window.cpp">
      <Filter>HAL\Windows\Core\Window\src</Filter>
    </ClCompile>
  </ItemGroup>
</Project>