<?xml version="1.0" encoding="utf-8"?>
<Project ToolsVersion="4.0" xmlns="http://schemas.microsoft.com/developer/msbuild/2003">
  <ItemGroup>
    <Filter Include="Core">
      <UniqueIdentifier>{2EB4837C-1AEB-840D-C3D7-6A10AFED000F}</UniqueIdentifier>
    </Filter>
    <Filter Include="Core\Base">
      <UniqueIdentifier>{78DDB915-E447-6E8C-2D86-1F32992F4CE1}</UniqueIdentifier>
    </Filter>
    <Filter Include="Core\ECS">
      <UniqueIdentifier>{780F99C2-64DC-F3CD-8DF5-E1757921295C}</UniqueIdentifier>
    </Filter>
    <Filter Include="Core\ECS\include">
      <UniqueIdentifier>{EB2E1A2B-D727-397D-005A-1E02ECB11889}</UniqueIdentifier>
    </Filter>
    <Filter Include="Core\ECS\include\BehaviourTree">
      <UniqueIdentifier>{CF28E5B7-BB4E-AF1E-A494-34EA9059D4EA}</UniqueIdentifier>
    </Filter>
    <Filter Include="Core\ECS\src">
      <UniqueIdentifier>{8FC91F7F-7B2C-AF23-24B2-E7D910F47AA6}</UniqueIdentifier>
    </Filter>
    <Filter Include="Core\Events">
      <UniqueIdentifier>{52201B74-BED5-9369-47CA-8D40B37E8A6D}</UniqueIdentifier>
    </Filter>
    <Filter Include="Core\ImGui">
      <UniqueIdentifier>{D8137ACD-C4CB-BB1A-2DD3-947619AA560B}</UniqueIdentifier>
    </Filter>
    <Filter Include="Core\ImGui\Platform">
      <UniqueIdentifier>{2C231864-9884-F571-21F2-3B248D522C31}</UniqueIdentifier>
    </Filter>
    <Filter Include="Core\ImGui\Platform\OpenGL">
      <UniqueIdentifier>{E002E056-CC12-8C27-35CC-F04521FB7AC0}</UniqueIdentifier>
    </Filter>
    <Filter Include="Core\ImGui\include">
      <UniqueIdentifier>{4B936927-3777-2A7D-A0D7-24D08CDA14FF}</UniqueIdentifier>
    </Filter>
    <Filter Include="Core\ImGui\src">
      <UniqueIdentifier>{EFFDAB61-DBCB-9F67-C45F-108EB0CC7BCC}</UniqueIdentifier>
    </Filter>
    <Filter Include="Core\Layers">
      <UniqueIdentifier>{2D0BFE82-99C0-7678-22B5-704F8E696D7C}</UniqueIdentifier>
    </Filter>
    <Filter Include="Core\Layers\Layer">
      <UniqueIdentifier>{B9F54F05-250C-4E9B-6E83-D9BCDAD81E23}</UniqueIdentifier>
    </Filter>
    <Filter Include="Core\Layers\Layer\include">
      <UniqueIdentifier>{2CC6EF24-9888-23AF-E138-B23B4D3AFC8C}</UniqueIdentifier>
    </Filter>
    <Filter Include="Core\Layers\Layer\src">
      <UniqueIdentifier>{50E87173-BC54-2D6E-8548-C5CBF1734FD6}</UniqueIdentifier>
    </Filter>
    <Filter Include="Core\Layers\LayerStack">
      <UniqueIdentifier>{EFA83AE4-DBA2-6336-C40F-FA46B0A8C9A2}</UniqueIdentifier>
    </Filter>
    <Filter Include="Core\Layers\LayerStack\include">
      <UniqueIdentifier>{624F1DE3-4E75-E749-37BB-6C1523800C16}</UniqueIdentifier>
    </Filter>
    <Filter Include="Core\Layers\LayerStack\src">
      <UniqueIdentifier>{86464F62-7256-FB32-DB0F-6051C73EEACB}</UniqueIdentifier>
    </Filter>
    <Filter Include="Core\Log">
      <UniqueIdentifier>{FF3299C2-EBFF-F3CD-1419-E2750045295C}</UniqueIdentifier>
    </Filter>
    <Filter Include="Core\Log\include">
      <UniqueIdentifier>{72E92C9C-5EE2-4BEE-8714-3173736C2BFA}</UniqueIdentifier>
    </Filter>
    <Filter Include="Core\Log\src">
      <UniqueIdentifier>{96580402-82BB-93A6-2B41-CC5C17835F29}</UniqueIdentifier>
    </Filter>
    <Filter Include="Core\Maths">
      <UniqueIdentifier>{1A9FBCCD-0657-FE1A-6F5E-D7765B35990B}</UniqueIdentifier>
    </Filter>
    <Filter Include="Core\Maths\include">
      <UniqueIdentifier>{8D401CE3-7924-DD38-E284-D78BCE87C7BA}</UniqueIdentifier>
    </Filter>
    <Filter Include="Core\Utils">
      <UniqueIdentifier>{0EA057CE-FA57-991B-635F-72774F36340C}</UniqueIdentifier>
    </Filter>
    <Filter Include="HAL">
      <UniqueIdentifier>{DAED870B-46F7-877C-CF72-9E7C3B7B937C}</UniqueIdentifier>
    </Filter>
    <Filter Include="HAL\Common">
      <UniqueIdentifier>{D2A11BD6-BE59-5D23-2761-367F1338F813}</UniqueIdentifier>
    </Filter>
    <Filter Include="HAL\Common\Core">
      <UniqueIdentifier>{6AB9DC5A-D644-4A1F-DF55-CD134B60A61F}</UniqueIdentifier>
    </Filter>
    <Filter Include="HAL\Common\Core\Graphics">
      <UniqueIdentifier>{EAB890BC-D6DD-DF3C-FF28-C5CCEBACDE5A}</UniqueIdentifier>
    </Filter>
    <Filter Include="HAL\Common\Core\Graphics\DataObjects">
      <UniqueIdentifier>{9D1671DC-89FD-32D4-324E-99F11E14AC3A}</UniqueIdentifier>
    </Filter>
    <Filter Include="HAL\Common\Core\Graphics\DataObjects\include">
      <UniqueIdentifier>{108B05DA-FC9D-0533-A587-E21F9179A280}</UniqueIdentifier>
    </Filter>
    <Filter Include="HAL\Common\Core\Graphics\DataObjects\src">
      <UniqueIdentifier>{34DB4046-2058-3489-49D5-349D35B1D01C}</UniqueIdentifier>
    </Filter>
    <Filter Include="HAL\Common\Core\Graphics\OpenGLImpl">
      <UniqueIdentifier>{101C8112-7CD5-EBBC-0535-069771EDA12C}</UniqueIdentifier>
    </Filter>
    <Filter Include="HAL\Common\Core\Graphics\OpenGLImpl\include">
      <UniqueIdentifier>{835331E2-EFB8-C468-7891-6641E4F5B9D7}</UniqueIdentifier>
    </Filter>
    <Filter Include="HAL\Common\Core\Graphics\OpenGLImpl\src">
      <UniqueIdentifier>{2762EC66-93F1-AD51-9CED-8E6908FCE85D}</UniqueIdentifier>
    </Filter>
    <Filter Include="HAL\Common\Core\Graphics\Render">
      <UniqueIdentifier>{192C5828-850F-6768-8E12-95A4FA742DB9}</UniqueIdentifier>
    </Filter>
    <Filter Include="HAL\Common\Core\Graphics\Render\include">
      <UniqueIdentifier>{8C5C78BE-F8EB-39A9-01E8-1AC16DF674B5}</UniqueIdentifier>
    </Filter>
    <Filter Include="HAL\Common\Core\Graphics\Render\src">
      <UniqueIdentifier>{B04E6EB2-1C08-D95C-A567-F33611208FCC}</UniqueIdentifier>
    </Filter>
    <Filter Include="HAL\Common\Core\Input">
      <UniqueIdentifier>{E9506A38-55BD-2533-1EB1-BD908ADC479B}</UniqueIdentifier>
    </Filter>
    <Filter Include="HAL\Common\Core\Input\include">
      <UniqueIdentifier>{5C518AE5-C869-710F-9116-01A9FDED05A9}</UniqueIdentifier>
    </Filter>
    <Filter Include="HAL\Common\Core\Input\src">
      <UniqueIdentifier>{805BA615-EC1D-DA9F-35CE-682CA1CFB27D}</UniqueIdentifier>
    </Filter>
    <Filter Include="HAL\Common\Core\Scene">
      <UniqueIdentifier>{070E1939-737A-D433-3C6E-6C91A899F69B}</UniqueIdentifier>
    </Filter>
    <Filter Include="HAL\Common\Core\Scene\include">
      <UniqueIdentifier>{7A4C3B3A-E664-2264-AF11-B2FD1BE9B6FD}</UniqueIdentifier>
    </Filter>
    <Filter Include="HAL\Common\Core\Scene\src">
      <UniqueIdentifier>{9E778A1B-0A3A-BEA5-53EA-4C32BFEB9683}</UniqueIdentifier>
    </Filter>
    <Filter Include="HAL\Common\Core\Window">
      <UniqueIdentifier>{11CB0066-FDC4-29B8-E631-C0C8D2CA8F24}</UniqueIdentifier>
    </Filter>
    <Filter Include="HAL\Common\Core\Window\include">
      <UniqueIdentifier>{84736CCA-7099-3631-59DF-BBFC45A45BFD}</UniqueIdentifier>
    </Filter>
    <Filter Include="HAL\Common\Core\Window\src">
      <UniqueIdentifier>{A8A9BDC0-94B9-6991-FD72-CEAFE9A1582A}</UniqueIdentifier>
    </Filter>
    <Filter Include="HAL\Windows">
      <UniqueIdentifier>{14D22A8F-8087-A384-097C-9D5B75309A88}</UniqueIdentifier>
    </Filter>
    <Filter Include="HAL\Windows\Core">
      <UniqueIdentifier>{EC62DEA6-D85B-FDF8-018E-E27DEDE5DC04}</UniqueIdentifier>
    </Filter>
    <Filter Include="HAL\Windows\Core\Application">
      <UniqueIdentifier>{AF60DB31-9B1B-CBDD-44D3-4328306D156E}</UniqueIdentifier>
    </Filter>
    <Filter Include="HAL\Windows\Core\Application\include">
      <UniqueIdentifier>{22C7D922-0EAE-9B1A-B7FE-0138A3C41481}</UniqueIdentifier>
    </Filter>
    <Filter Include="HAL\Windows\Core\Application\src">
      <UniqueIdentifier>{46DE057D-322F-F1BE-5B93-DF8047438428}</UniqueIdentifier>
    </Filter>
    <Filter Include="HAL\Windows\Core\Graphics">
      <UniqueIdentifier>{AC34DE20-18F7-11AB-61A7-A037CDA8EA88}</UniqueIdentifier>
    </Filter>
    <Filter Include="HAL\Windows\Core\Graphics\include">
      <UniqueIdentifier>{1F48FBA3-8BB6-5023-D49F-0B23404D46BF}</UniqueIdentifier>
    </Filter>
    <Filter Include="HAL\Windows\Core\Input">
      <UniqueIdentifier>{EB93590A-D78D-825C-C0FA-186DAC93E8C8}</UniqueIdentifier>
    </Filter>
    <Filter Include="HAL\Windows\Core\Input\include">
      <UniqueIdentifier>{5E7605B1-4A9C-CF17-33E2-54E31FA7F4E3}</UniqueIdentifier>
    </Filter>
    <Filter Include="HAL\Windows\Core\Input\src">
      <UniqueIdentifier>{824FA303-6E5F-4FD4-D718-B4F2C3473E6D}</UniqueIdentifier>
    </Filter>
    <Filter Include="HAL\Windows\Core\Window">
      <UniqueIdentifier>{536ED875-BFA5-200D-C8AF-843034664706}</UniqueIdentifier>
    </Filter>
    <Filter Include="HAL\Windows\Core\Window\include">
      <UniqueIdentifier>{C6384C05-321C-5B45-3B1F-8981A7812196}</UniqueIdentifier>
    </Filter>
    <Filter Include="HAL\Windows\Core\Window\src">
      <UniqueIdentifier>{EA1D596E-562B-8754-DF11-833F4B1E530B}</UniqueIdentifier>
    </Filter>
    <Filter Include="vendor">
      <UniqueIdentifier>{B3738122-9F15-ACF8-88D0-BF4C74113349}</UniqueIdentifier>
    </Filter>
    <Filter Include="vendor\stb_image">
      <UniqueIdentifier>{0DA0BA59-F998-D9AB-22CB-BE300E23B9B7}</UniqueIdentifier>
    </Filter>
  </ItemGroup>
  <ItemGroup>
    <ClInclude Include="Core\Base\Base.h">
      <Filter>Core\Base</Filter>
    </ClInclude>
    <ClInclude Include="Core\Core.h">
      <Filter>Core</Filter>
    </ClInclude>
    <ClInclude Include="Core\ECS\include\BehaviourTree\Task.h">
      <Filter>Core\ECS\include\BehaviourTree</Filter>
    </ClInclude>
    <ClInclude Include="Core\ECS\include\ComponentSystem.h">
      <Filter>Core\ECS\include</Filter>
    </ClInclude>
    <ClInclude Include="Core\ECS\include\ComponentsData.h">
      <Filter>Core\ECS\include</Filter>
    </ClInclude>
    <ClInclude Include="Core\ECS\include\EntityComponent.h">
      <Filter>Core\ECS\include</Filter>
    </ClInclude>
    <ClInclude Include="Core\ECS\include\EntityManager.h">
      <Filter>Core\ECS\include</Filter>
    </ClInclude>
    <ClInclude Include="Core\ECS\include\ISystem.h">
      <Filter>Core\ECS\include</Filter>
    </ClInclude>
    <ClInclude Include="Core\ECS\include\TransformSystem.h">
      <Filter>Core\ECS\include</Filter>
    </ClInclude>
    <ClInclude Include="Core\ECS\include\TransformsData.h">
      <Filter>Core\ECS\include</Filter>
    </ClInclude>
    <ClInclude Include="Core\Events\Event.h">
      <Filter>Core\Events</Filter>
    </ClInclude>
    <ClInclude Include="Core\Events\EventDispatcher.h">
      <Filter>Core\Events</Filter>
    </ClInclude>
    <ClInclude Include="Core\Events\KeyEvent.h">
      <Filter>Core\Events</Filter>
    </ClInclude>
    <ClInclude Include="Core\Events\MouseEvent.h">
      <Filter>Core\Events</Filter>
    </ClInclude>
    <ClInclude Include="Core\Events\WindowEvent.h">
      <Filter>Core\Events</Filter>
    </ClInclude>
    <ClInclude Include="Core\ImGui\include\ImGuiLayer.h">
      <Filter>Core\ImGui\include</Filter>
    </ClInclude>
    <ClInclude Include="Core\Layers\Layer\include\Layer.h">
      <Filter>Core\Layers\Layer\include</Filter>
    </ClInclude>
    <ClInclude Include="Core\Layers\LayerStack\include\LayerStack.h">
      <Filter>Core\Layers\LayerStack\include</Filter>
    </ClInclude>
    <ClInclude Include="Core\Log\include\Log.h">
      <Filter>Core\Log\include</Filter>
    </ClInclude>
    <ClInclude Include="Core\Maths\include\Maths.h">
      <Filter>Core\Maths\include</Filter>
    </ClInclude>
    <ClInclude Include="Core\Utils\KeyCode.h">
      <Filter>Core\Utils</Filter>
    </ClInclude>
    <ClInclude Include="Core\Utils\MouseCode.h">
      <Filter>Core\Utils</Filter>
    </ClInclude>
    <ClInclude Include="Core\Utils\TimeStep.h">
      <Filter>Core\Utils</Filter>
    </ClInclude>
    <ClInclude Include="Core\Utils\Timer.h">
      <Filter>Core\Utils</Filter>
    </ClInclude>
    <ClInclude Include="HAL\Common\Core\Graphics\DataObjects\include\Buffer.h">
      <Filter>HAL\Common\Core\Graphics\DataObjects\include</Filter>
    </ClInclude>
    <ClInclude Include="HAL\Common\Core\Graphics\DataObjects\include\Shader.h">
      <Filter>HAL\Common\Core\Graphics\DataObjects\include</Filter>
    </ClInclude>
    <ClInclude Include="HAL\Common\Core\Graphics\DataObjects\include\Texture.h">
      <Filter>HAL\Common\Core\Graphics\DataObjects\include</Filter>
    </ClInclude>
    <ClInclude Include="HAL\Common\Core\Graphics\DataObjects\include\VertexArray.h">
      <Filter>HAL\Common\Core\Graphics\DataObjects\include</Filter>
    </ClInclude>
    <ClInclude Include="HAL\Common\Core\Graphics\OpenGLImpl\include\OpenGLBuffer.h">
      <Filter>HAL\Common\Core\Graphics\OpenGLImpl\include</Filter>
    </ClInclude>
    <ClInclude Include="HAL\Common\Core\Graphics\OpenGLImpl\include\OpenGLShader.h">
      <Filter>HAL\Common\Core\Graphics\OpenGLImpl\include</Filter>
    </ClInclude>
    <ClInclude Include="HAL\Common\Core\Graphics\OpenGLImpl\include\OpenGLTexture2D.h">
      <Filter>HAL\Common\Core\Graphics\OpenGLImpl\include</Filter>
    </ClInclude>
    <ClInclude Include="HAL\Common\Core\Graphics\OpenGLImpl\include\OpenGLVertexArray.h">
      <Filter>HAL\Common\Core\Graphics\OpenGLImpl\include</Filter>
    </ClInclude>
    <ClInclude Include="HAL\Common\Core\Graphics\Render\include\OpenGLRendererAPI.h">
      <Filter>HAL\Common\Core\Graphics\Render\include</Filter>
    </ClInclude>
    <ClInclude Include="HAL\Common\Core\Graphics\Render\include\Renderer.h">
      <Filter>HAL\Common\Core\Graphics\Render\include</Filter>
    </ClInclude>
    <ClInclude Include="HAL\Common\Core\Graphics\Render\include\RendererAPI.h">
      <Filter>HAL\Common\Core\Graphics\Render\include</Filter>
    </ClInclude>
    <ClInclude Include="HAL\Common\Core\Input\include\Input.h">
      <Filter>HAL\Common\Core\Input\include</Filter>
    </ClInclude>
    <ClInclude Include="HAL\Common\Core\Input\include\InputActionRegistrator.h">
      <Filter>HAL\Common\Core\Input\include</Filter>
    </ClInclude>
    <ClInclude Include="HAL\Common\Core\Input\include\InputActions.h">
      <Filter>HAL\Common\Core\Input\include</Filter>
    </ClInclude>
    <ClInclude Include="HAL\Common\Core\Scene\include\OrthographicCamera.h">
      <Filter>HAL\Common\Core\Scene\include</Filter>
    </ClInclude>
    <ClInclude Include="HAL\Common\Core\Scene\include\OrthographicCameraController.h">
      <Filter>HAL\Common\Core\Scene\include</Filter>
    </ClInclude>
    <ClInclude Include="HAL\Common\Core\Scene\include\Scene.h">
      <Filter>HAL\Common\Core\Scene\include</Filter>
    </ClInclude>
    <ClInclude Include="HAL\Common\Core\Window\include\Window.h">
      <Filter>HAL\Common\Core\Window\include</Filter>
    </ClInclude>
    <ClInclude Include="HAL\HAL.h">
      <Filter>HAL</Filter>
    </ClInclude>
    <ClInclude Include="HAL\PlatformDetection.h">
      <Filter>HAL</Filter>
    </ClInclude>
    <ClInclude Include="HAL\Windows\Core\Application\include\Application.h">
      <Filter>HAL\Windows\Core\Application\include</Filter>
    </ClInclude>
    <ClInclude Include="HAL\Windows\Core\Graphics\include\Test.h">
      <Filter>HAL\Windows\Core\Graphics\include</Filter>
    </ClInclude>
    <ClInclude Include="HAL\Windows\Core\Input\include\WindowsInput.h">
      <Filter>HAL\Windows\Core\Input\include</Filter>
    </ClInclude>
    <ClInclude Include="HAL\Windows\Core\Window\include\Window.h">
      <Filter>HAL\Windows\Core\Window\include</Filter>
    </ClInclude>
    <ClInclude Include="HAL\Windows\Windows.h">
      <Filter>HAL\Windows</Filter>
    </ClInclude>
    <ClInclude Include="Phoenix.h" />
    <ClInclude Include="Core\ECS\include\ComponentSystem.hxx" />
    <ClInclude Include="Core\ECS\include\Entity.hxx" />
  </ItemGroup>
  <ItemGroup>
    <ClCompile Include="Core\ECS\include\BehaviourTree\Task.cpp">
      <Filter>Core\ECS\include\BehaviourTree</Filter>
    </ClCompile>
    <ClCompile Include="Core\ECS\src\ComponentSystem.cpp">
      <Filter>Core\ECS\src</Filter>
    </ClCompile>
    <ClCompile Include="Core\ECS\src\ComponentsData.cpp">
      <Filter>Core\ECS\src</Filter>
    </ClCompile>
    <ClCompile Include="Core\ECS\src\Entity.cpp">
      <Filter>Core\ECS\src</Filter>
    </ClCompile>
    <ClCompile Include="Core\ECS\src\EntityManager.cpp">
      <Filter>Core\ECS\src</Filter>
    </ClCompile>
    <ClCompile Include="Core\ECS\src\ISystem.cpp">
      <Filter>Core\ECS\src</Filter>
    </ClCompile>
    <ClCompile Include="Core\ECS\src\TransformSystem.cpp">
      <Filter>Core\ECS\src</Filter>
    </ClCompile>
    <ClCompile Include="Core\ECS\src\TransformsData.cpp">
      <Filter>Core\ECS\src</Filter>
    </ClCompile>
    <ClCompile Include="Core\ImGui\src\ImGuiLayer.cpp">
      <Filter>Core\ImGui\src</Filter>
    </ClCompile>
    <ClCompile Include="Core\Layers\Layer\src\Layer.cpp">
      <Filter>Core\Layers\Layer\src</Filter>
    </ClCompile>
    <ClCompile Include="Core\Layers\LayerStack\src\LayerStack.cpp">
      <Filter>Core\Layers\LayerStack\src</Filter>
    </ClCompile>
    <ClCompile Include="Core\Log\src\Log.cpp">
      <Filter>Core\Log\src</Filter>
    </ClCompile>
    <ClCompile Include="HAL\Common\Core\Graphics\DataObjects\src\Buffer.cpp">
      <Filter>HAL\Common\Core\Graphics\DataObjects\src</Filter>
    </ClCompile>
    <ClCompile Include="HAL\Common\Core\Graphics\DataObjects\src\Shader.cpp">
      <Filter>HAL\Common\Core\Graphics\DataObjects\src</Filter>
    </ClCompile>
    <ClCompile Include="HAL\Common\Core\Graphics\DataObjects\src\Texture.cpp">
      <Filter>HAL\Common\Core\Graphics\DataObjects\src</Filter>
    </ClCompile>
    <ClCompile Include="HAL\Common\Core\Graphics\DataObjects\src\VertexArray.cpp">
      <Filter>HAL\Common\Core\Graphics\DataObjects\src</Filter>
    </ClCompile>
    <ClCompile Include="HAL\Common\Core\Graphics\OpenGLImpl\src\OpenGLBuffer.cpp">
      <Filter>HAL\Common\Core\Graphics\OpenGLImpl\src</Filter>
    </ClCompile>
    <ClCompile Include="HAL\Common\Core\Graphics\OpenGLImpl\src\OpenGLShader.cpp">
      <Filter>HAL\Common\Core\Graphics\OpenGLImpl\src</Filter>
    </ClCompile>
    <ClCompile Include="HAL\Common\Core\Graphics\OpenGLImpl\src\OpenGLTexture2D.cpp">
      <Filter>HAL\Common\Core\Graphics\OpenGLImpl\src</Filter>
    </ClCompile>
    <ClCompile Include="HAL\Common\Core\Graphics\OpenGLImpl\src\OpenGLVertexArray.cpp">
      <Filter>HAL\Common\Core\Graphics\OpenGLImpl\src</Filter>
    </ClCompile>
    <ClCompile Include="HAL\Common\Core\Graphics\Render\src\OpenGLRendererAPI.cpp">
      <Filter>HAL\Common\Core\Graphics\Render\src</Filter>
    </ClCompile>
    <ClCompile Include="HAL\Common\Core\Graphics\Render\src\Renderer.cpp">
      <Filter>HAL\Common\Core\Graphics\Render\src</Filter>
    </ClCompile>
    <ClCompile Include="HAL\Common\Core\Graphics\Render\src\RendererAPI.cpp">
      <Filter>HAL\Common\Core\Graphics\Render\src</Filter>
    </ClCompile>
    <ClCompile Include="HAL\Common\Core\Input\src\Input.cpp">
      <Filter>HAL\Common\Core\Input\src</Filter>
    </ClCompile>
    <ClCompile Include="HAL\Common\Core\Input\src\InputActionRegistrator.cpp">
      <Filter>HAL\Common\Core\Input\src</Filter>
    </ClCompile>
    <ClCompile Include="HAL\Common\Core\Input\src\InputActions.cpp">
      <Filter>HAL\Common\Core\Input\src</Filter>
    </ClCompile>
    <ClCompile Include="HAL\Common\Core\Scene\src\OrthographicCamera.cpp">
      <Filter>HAL\Common\Core\Scene\src</Filter>
    </ClCompile>
    <ClCompile Include="HAL\Common\Core\Scene\src\OrthographicCameraController.cpp">
      <Filter>HAL\Common\Core\Scene\src</Filter>
    </ClCompile>
    <ClCompile Include="HAL\Common\Core\Scene\src\Scene.cpp">
      <Filter>HAL\Common\Core\Scene\src</Filter>
    </ClCompile>
    <ClCompile Include="HAL\Common\Core\Window\src\Window.cpp">
      <Filter>HAL\Common\Core\Window\src</Filter>
    </ClCompile>
    <ClCompile Include="HAL\Windows\Core\Application\src\Application.cpp">
      <Filter>HAL\Windows\Core\Application\src</Filter>
    </ClCompile>
    <ClCompile Include="HAL\Windows\Core\Input\src\WindowsInput.cpp">
      <Filter>HAL\Windows\Core\Input\src</Filter>
    </ClCompile>
    <ClCompile Include="HAL\Windows\Core\Window\src\Window.cpp">
      <Filter>HAL\Windows\Core\Window\src</Filter>
    </ClCompile>
  </ItemGroup>
</Project>